schema: '2.0'
stages:
  data_ingestion:
    cmd: python src/dataset.py
    deps:
    - path: src/dataset.py
      hash: md5
      md5: cfca743f6096d653b889c33dad2172f0
      size: 2673
    outs:
    - path: data/raw/
      hash: md5
      md5: 6943e655800134f51910892c621c7b98.dir
      size: 518984
      nfiles: 2
  data_preprocessing:
    cmd: python src/features.py
    deps:
    - path: data/raw/
      hash: md5
      md5: 6943e655800134f51910892c621c7b98.dir
      size: 518984
      nfiles: 2
    - path: src/features.py
      hash: md5
      md5: 54c646043ada8427f370378ef380b1be
      size: 3081
    outs:
    - path: data/processed/
      hash: md5
      md5: 74c1d1d8cd67f1dc9154360eb2636b52.dir
      size: 543617
      nfiles: 2
  modeling:
    cmd: python src/modeling/train.py
    deps:
    - path: data/processed/
      hash: md5
      md5: 74c1d1d8cd67f1dc9154360eb2636b52.dir
      size: 543617
      nfiles: 2
    - path: src/modeling/train.py
      hash: md5
      md5: 9d30822cd92bfb0a441964f13c580060
      size: 3078
    outs:
    - path: models/model.pkl
      hash: md5
      md5: 648d7a4fc89226bab2eafc073ecc9f41
      size: 7344981
  model_eval:
    cmd: python src/modeling/predict.py
    deps:
    - path: models/model.pkl
      hash: md5
      md5: 648d7a4fc89226bab2eafc073ecc9f41
      size: 7344981
    - path: src/modeling/predict.py
      hash: md5
      md5: 472cbc964b8c07736d4aa0cdb94d928c
      size: 7825
    outs:
    - path: reports/metrics/metrics.json
      hash: md5
      md5: c1fedec45dfc5eb34a2ec75d4b8ec769
      size: 180
    - path: reports/run_info.json
      hash: md5
      md5: 077e9e5d92074cc61988d5af17429116
      size: 96
  model_evaluation:
    cmd: python src/modeling/predict.py
    deps:
    - path: models/model.pkl
      hash: md5
      md5: 648d7a4fc89226bab2eafc073ecc9f41
      size: 7344981
    - path: src/modeling/predict.py
      hash: md5
      md5: 79aa10e46d9b9881cb90c47ca4d9b544
      size: 8168
    outs:
    - path: reports/metrics/metrics.json
      hash: md5
      md5: c1fedec45dfc5eb34a2ec75d4b8ec769
      size: 180
    - path: reports/run_info.json
      hash: md5
      md5: 7287ddd6ebbfd720427001b6acd8e188
      size: 96
  model_registration:
    cmd: python src/modeling/register.py
    deps:
    - path: reports/run_info.json
      hash: md5
      md5: 7287ddd6ebbfd720427001b6acd8e188
      size: 96
    - path: src/modeling/register.py
      hash: md5
      md5: 02696db62c113c8528e5108c3fef649b
      size: 3267
